
Microsoft Visual Studio Solution File, Format Version 12.00
# Visual Studio Version 17
VisualStudioVersion = 17.2.32505.173
MinimumVisualStudioVersion = 10.0.40219.1
Project("{2150E333-8FDC-42A3-9474-1A3956D46DE8}") = "Services", "Services", "{07CB9E19-BF1D-4078-B29D-D2B499CA2AF7}"
EndProject
Project("{2150E333-8FDC-42A3-9474-1A3956D46DE8}") = "BookService", "BookService", "{48B77962-3DEF-43D8-87B9-3836147DD9E4}"
EndProject
Project("{2150E333-8FDC-42A3-9474-1A3956D46DE8}") = "ReportService", "ReportService", "{0736AA8A-14E0-4330-ACC9-9625498B81A5}"
EndProject
Project("{FAE04EC0-301F-11D3-BF4B-00C04F79EFBC}") = "APIGateway", "APIGateway\APIGateway.csproj", "{C8778FE2-99E7-4AA2-87C9-96A6A0F70474}"
EndProject
Project("{FAE04EC0-301F-11D3-BF4B-00C04F79EFBC}") = "Book.API", "Book.API\Book.API.csproj", "{7893C0FB-118E-4E8E-942C-FD819EC7644A}"
EndProject
Project("{FAE04EC0-301F-11D3-BF4B-00C04F79EFBC}") = "Report.API", "Report.API\Report.API.csproj", "{19353E9F-8228-4E2C-BB17-264D411289BD}"
EndProject
Project("{FAE04EC0-301F-11D3-BF4B-00C04F79EFBC}") = "Book.Domain", "Book.Domain\Book.Domain.csproj", "{AA55A3CF-4A7E-4A63-862A-73B951EA69F0}"
EndProject
Project("{FAE04EC0-301F-11D3-BF4B-00C04F79EFBC}") = "Book.Infastructure", "Book.Infastructure\Book.Infastructure.csproj", "{38B822A8-81B1-4588-B37E-AF15BA0ED8A8}"
EndProject
Project("{FAE04EC0-301F-11D3-BF4B-00C04F79EFBC}") = "Report.Domain", "Report.Domain\Report.Domain.csproj", "{208E21B2-C703-4B9A-8F2A-11FA4970849A}"
EndProject
Project("{FAE04EC0-301F-11D3-BF4B-00C04F79EFBC}") = "Report.Infastructure", "Report.Infastructure\Report.Infastructure.csproj", "{0DD047A8-A0FE-4E1E-BB3E-0793CC5999CD}"
EndProject
Global
	GlobalSection(SolutionConfigurationPlatforms) = preSolution
		Debug|Any CPU = Debug|Any CPU
		Release|Any CPU = Release|Any CPU
	EndGlobalSection
	GlobalSection(ProjectConfigurationPlatforms) = postSolution
		{C8778FE2-99E7-4AA2-87C9-96A6A0F70474}.Debug|Any CPU.ActiveCfg = Debug|Any CPU
		{C8778FE2-99E7-4AA2-87C9-96A6A0F70474}.Debug|Any CPU.Build.0 = Debug|Any CPU
		{C8778FE2-99E7-4AA2-87C9-96A6A0F70474}.Release|Any CPU.ActiveCfg = Release|Any CPU
		{C8778FE2-99E7-4AA2-87C9-96A6A0F70474}.Release|Any CPU.Build.0 = Release|Any CPU
		{7893C0FB-118E-4E8E-942C-FD819EC7644A}.Debug|Any CPU.ActiveCfg = Debug|Any CPU
		{7893C0FB-118E-4E8E-942C-FD819EC7644A}.Debug|Any CPU.Build.0 = Debug|Any CPU
		{7893C0FB-118E-4E8E-942C-FD819EC7644A}.Release|Any CPU.ActiveCfg = Release|Any CPU
		{7893C0FB-118E-4E8E-942C-FD819EC7644A}.Release|Any CPU.Build.0 = Release|Any CPU
		{19353E9F-8228-4E2C-BB17-264D411289BD}.Debug|Any CPU.ActiveCfg = Debug|Any CPU
		{19353E9F-8228-4E2C-BB17-264D411289BD}.Debug|Any CPU.Build.0 = Debug|Any CPU
		{19353E9F-8228-4E2C-BB17-264D411289BD}.Release|Any CPU.ActiveCfg = Release|Any CPU
		{19353E9F-8228-4E2C-BB17-264D411289BD}.Release|Any CPU.Build.0 = Release|Any CPU
		{AA55A3CF-4A7E-4A63-862A-73B951EA69F0}.Debug|Any CPU.ActiveCfg = Debug|Any CPU
		{AA55A3CF-4A7E-4A63-862A-73B951EA69F0}.Debug|Any CPU.Build.0 = Debug|Any CPU
		{AA55A3CF-4A7E-4A63-862A-73B951EA69F0}.Release|Any CPU.ActiveCfg = Release|Any CPU
		{AA55A3CF-4A7E-4A63-862A-73B951EA69F0}.Release|Any CPU.Build.0 = Release|Any CPU
		{38B822A8-81B1-4588-B37E-AF15BA0ED8A8}.Debug|Any CPU.ActiveCfg = Debug|Any CPU
		{38B822A8-81B1-4588-B37E-AF15BA0ED8A8}.Debug|Any CPU.Build.0 = Debug|Any CPU
		{38B822A8-81B1-4588-B37E-AF15BA0ED8A8}.Release|Any CPU.ActiveCfg = Release|Any CPU
		{38B822A8-81B1-4588-B37E-AF15BA0ED8A8}.Release|Any CPU.Build.0 = Release|Any CPU
		{208E21B2-C703-4B9A-8F2A-11FA4970849A}.Debug|Any CPU.ActiveCfg = Debug|Any CPU
		{208E21B2-C703-4B9A-8F2A-11FA4970849A}.Debug|Any CPU.Build.0 = Debug|Any CPU
		{208E21B2-C703-4B9A-8F2A-11FA4970849A}.Release|Any CPU.ActiveCfg = Release|Any CPU
		{208E21B2-C703-4B9A-8F2A-11FA4970849A}.Release|Any CPU.Build.0 = Release|Any CPU
		{0DD047A8-A0FE-4E1E-BB3E-0793CC5999CD}.Debug|Any CPU.ActiveCfg = Debug|Any CPU
		{0DD047A8-A0FE-4E1E-BB3E-0793CC5999CD}.Debug|Any CPU.Build.0 = Debug|Any CPU
		{0DD047A8-A0FE-4E1E-BB3E-0793CC5999CD}.Release|Any CPU.ActiveCfg = Release|Any CPU
		{0DD047A8-A0FE-4E1E-BB3E-0793CC5999CD}.Release|Any CPU.Build.0 = Release|Any CPU
	EndGlobalSection
	GlobalSection(SolutionProperties) = preSolution
		HideSolutionNode = FALSE
	EndGlobalSection
	GlobalSection(NestedProjects) = preSolution
		{48B77962-3DEF-43D8-87B9-3836147DD9E4} = {07CB9E19-BF1D-4078-B29D-D2B499CA2AF7}
		{0736AA8A-14E0-4330-ACC9-9625498B81A5} = {07CB9E19-BF1D-4078-B29D-D2B499CA2AF7}
		{7893C0FB-118E-4E8E-942C-FD819EC7644A} = {48B77962-3DEF-43D8-87B9-3836147DD9E4}
		{19353E9F-8228-4E2C-BB17-264D411289BD} = {0736AA8A-14E0-4330-ACC9-9625498B81A5}
		{AA55A3CF-4A7E-4A63-862A-73B951EA69F0} = {48B77962-3DEF-43D8-87B9-3836147DD9E4}
		{38B822A8-81B1-4588-B37E-AF15BA0ED8A8} = {48B77962-3DEF-43D8-87B9-3836147DD9E4}
		{208E21B2-C703-4B9A-8F2A-11FA4970849A} = {0736AA8A-14E0-4330-ACC9-9625498B81A5}
		{0DD047A8-A0FE-4E1E-BB3E-0793CC5999CD} = {0736AA8A-14E0-4330-ACC9-9625498B81A5}
	EndGlobalSection
	GlobalSection(ExtensibilityGlobals) = postSolution
		SolutionGuid = {20E5CD88-6C6B-49BA-9A5F-C075542A917D}
	EndGlobalSection
EndGlobal
